# This file is automatically @generated by Cargo.
# It is not intended for manual editing.
version = 4

[[package]]
name = "aoc2025"
version = "0.1.0"
dependencies = [
 "counter",
 "min-max-heap",
 "mut-binary-heap",
 "ordered-float",
]

[[package]]
name = "autocfg"
version = "1.5.0"
source = "registry+https://github.com/rust-lang/crates.io-index"
checksum = "c08606f8c3cbf4ce6ec8e28fb0014a2c086708fe954eaa885384a6165172e7e8"

[[package]]
name = "compare"
version = "0.1.0"
source = "registry+https://github.com/rust-lang/crates.io-index"
checksum = "120133d4db2ec47efe2e26502ee984747630c67f51974fca0b6c1340cf2368d3"

[[package]]
name = "counter"
version = "0.7.0"
source = "registry+https://github.com/rust-lang/crates.io-index"
checksum = "337a5b3c62043f6a4f5331bdb467a7f7a2099dce8522bcded6d4ebda1214fa4c"
dependencies = [
 "num-traits",
]

[[package]]
name = "min-max-heap"
version = "1.3.0"
source = "registry+https://github.com/rust-lang/crates.io-index"
checksum = "2687e6cf9c00f48e9284cf9fd15f2ef341d03cc7743abf9df4c5f07fdee50b18"

[[package]]
name = "mut-binary-heap"
version = "0.1.0"
source = "registry+https://github.com/rust-lang/crates.io-index"
checksum = "aabb01d356cce09d46edd0b283382a08e1cfe7615eccfa9baeb326718cc11520"
dependencies = [
 "compare",
]

[[package]]
name = "num-traits"
version = "0.2.19"
source = "registry+https://github.com/rust-lang/crates.io-index"
checksum = "071dfc062690e90b734c0b2273ce72ad0ffa95f0c74596bc250dcfd960262841"
dependencies = [
 "autocfg",
]

[[package]]
name = "ordered-float"
version = "5.1.0"
source = "registry+https://github.com/rust-lang/crates.io-index"
checksum = "7f4779c6901a562440c3786d08192c6fbda7c1c2060edd10006b05ee35d10f2d"
dependencies = [
 "num-traits",
]
